
Microsoft Visual Studio Solution File, Format Version 12.00
# Visual Studio Version 16
VisualStudioVersion = 16.0.29411.108
MinimumVisualStudioVersion = 10.0.40219.1
Project("{D2ABAB84-BF74-430A-B69E-9DC6D40DDA17}") = "CUBO_COAR", "CUBO_COAR\CUBO_COAR.dwproj", "{94E43E61-45C2-4539-921B-8270296C8A2B}"
EndProject
Global
	GlobalSection(SolutionConfigurationPlatforms) = preSolution
		Development|Default = Development|Default
	EndGlobalSection
	GlobalSection(ProjectConfigurationPlatforms) = postSolution
		{94E43E61-45C2-4539-921B-8270296C8A2B}.Development|Default.ActiveCfg = Development
		{94E43E61-45C2-4539-921B-8270296C8A2B}.Development|Default.Build.0 = Development
		{94E43E61-45C2-4539-921B-8270296C8A2B}.Development|Default.Deploy.0 = Development
	EndGlobalSection
	GlobalSection(SolutionProperties) = preSolution
		HideSolutionNode = FALSE
	EndGlobalSection
	GlobalSection(ExtensibilityGlobals) = postSolution
		SolutionGuid = {6960A591-A697-4E8F-B2DC-F2A8F914C267}
	EndGlobalSection
EndGlobal
